
Microsoft Visual Studio Solution File, Format Version 12.00
# Visual Studio Version 16
VisualStudioVersion = 16.0.31112.23
MinimumVisualStudioVersion = 10.0.40219.1
Project("{FAE04EC0-301F-11D3-BF4B-00C04F79EFBC}") = "UIScientificCalculator", "UIScientificCalculator\UIScientificCalculator.csproj", "{FC259742-1D32-4EFB-BD91-34FCCB9E1712}"
EndProject
Global
	GlobalSection(SolutionConfigurationPlatforms) = preSolution
		Debug|Any CPU = Debug|Any CPU
		Release|Any CPU = Release|Any CPU
	EndGlobalSection
	GlobalSection(ProjectConfigurationPlatforms) = postSolution
		{FC259742-1D32-4EFB-BD91-34FCCB9E1712}.Debug|Any CPU.ActiveCfg = Debug|Any CPU
		{FC259742-1D32-4EFB-BD91-34FCCB9E1712}.Debug|Any CPU.Build.0 = Debug|Any CPU
		{FC259742-1D32-4EFB-BD91-34FCCB9E1712}.Release|Any CPU.ActiveCfg = Release|Any CPU
		{FC259742-1D32-4EFB-BD91-34FCCB9E1712}.Release|Any CPU.Build.0 = Release|Any CPU
	EndGlobalSection
	GlobalSection(SolutionProperties) = preSolution
		HideSolutionNode = FALSE
	EndGlobalSection
	GlobalSection(ExtensibilityGlobals) = postSolution
		SolutionGuid = {70DC824D-40E1-4AF0-AB08-FE5D76635CD9}
	EndGlobalSection
EndGlobal
